// !$*UTF8*$!
{
	archiveVersion = 1;
	classes = {
	};
	objectVersion = 56;
	objects = {

/* Begin PBXBuildFile section */
		3E2AB0802B4D6C6300B7E741 /* ARKitDeamoApp.swift in Sources */ = {isa = PBXBuildFile; fileRef = 3E2AB07F2B4D6C6300B7E741 /* ARKitDeamoApp.swift */; };
		3E2AB0822B4D6C6300B7E741 /* ContentView.swift in Sources */ = {isa = PBXBuildFile; fileRef = 3E2AB0812B4D6C6300B7E741 /* ContentView.swift */; };
		3E2AB0842B4D6C6600B7E741 /* Assets.xcassets in Resources */ = {isa = PBXBuildFile; fileRef = 3E2AB0832B4D6C6600B7E741 /* Assets.xcassets */; };
		3E2AB0872B4D6C6600B7E741 /* Preview Assets.xcassets in Resources */ = {isa = PBXBuildFile; fileRef = 3E2AB0862B4D6C6600B7E741 /* Preview Assets.xcassets */; };
		3E2AB0912B4D6C6600B7E741 /* ARKitDeamoTests.swift in Sources */ = {isa = PBXBuildFile; fileRef = 3E2AB0902B4D6C6600B7E741 /* ARKitDeamoTests.swift */; };
		3E2AB09B2B4D6C6600B7E741 /* ARKitDeamoUITests.swift in Sources */ = {isa = PBXBuildFile; fileRef = 3E2AB09A2B4D6C6600B7E741 /* ARKitDeamoUITests.swift */; };
		3E2AB09D2B4D6C6600B7E741 /* ARKitDeamoUITestsLaunchTests.swift in Sources */ = {isa = PBXBuildFile; fileRef = 3E2AB09C2B4D6C6600B7E741 /* ARKitDeamoUITestsLaunchTests.swift */; };
		3E2AB0B82B4D6E1800B7E741 /* RealityKitEventView.swift in Sources */ = {isa = PBXBuildFile; fileRef = 3E2AB0AA2B4D6E1700B7E741 /* RealityKitEventView.swift */; };
		3E2AB0B92B4D6E1800B7E741 /* CheckingsPlaneShowView.swift in Sources */ = {isa = PBXBuildFile; fileRef = 3E2AB0AB2B4D6E1700B7E741 /* CheckingsPlaneShowView.swift */; };
		3E2AB0BA2B4D6E1800B7E741 /* BoneAnimationView.swift in Sources */ = {isa = PBXBuildFile; fileRef = 3E2AB0AC2B4D6E1700B7E741 /* BoneAnimationView.swift */; };
		3E2AB0BB2B4D6E1800B7E741 /* ARCoaching.swift in Sources */ = {isa = PBXBuildFile; fileRef = 3E2AB0AD2B4D6E1700B7E741 /* ARCoaching.swift */; };
		3E2AB0BC2B4D6E1800B7E741 /* AnchorGeometryView.swift in Sources */ = {isa = PBXBuildFile; fileRef = 3E2AB0AE2B4D6E1700B7E741 /* AnchorGeometryView.swift */; };
		3E2AB0BD2B4D6E1800B7E741 /* TransformView.swift in Sources */ = {isa = PBXBuildFile; fileRef = 3E2AB0AF2B4D6E1700B7E741 /* TransformView.swift */; };
		3E2AB0BE2B4D6E1800B7E741 /* AsyncLoadView.swift in Sources */ = {isa = PBXBuildFile; fileRef = 3E2AB0B02B4D6E1700B7E741 /* AsyncLoadView.swift */; };
		3E2AB0BF2B4D6E1800B7E741 /* PointLight.swift in Sources */ = {isa = PBXBuildFile; fileRef = 3E2AB0B12B4D6E1700B7E741 /* PointLight.swift */; };
		3E2AB0C02B4D6E1800B7E741 /* ShapShoptView.swift in Sources */ = {isa = PBXBuildFile; fileRef = 3E2AB0B22B4D6E1800B7E741 /* ShapShoptView.swift */; };
		3E2AB0C12B4D6E1800B7E741 /* ARGescherView.swift in Sources */ = {isa = PBXBuildFile; fileRef = 3E2AB0B32B4D6E1800B7E741 /* ARGescherView.swift */; };
		3E2AB0C22B4D6E1800B7E741 /* RayCheckingAndGestureView.swift in Sources */ = {isa = PBXBuildFile; fileRef = 3E2AB0B42B4D6E1800B7E741 /* RayCheckingAndGestureView.swift */; };
		3E2AB0C32B4D6E1800B7E741 /* DirectionalLight.swift in Sources */ = {isa = PBXBuildFile; fileRef = 3E2AB0B52B4D6E1800B7E741 /* DirectionalLight.swift */; };
		3E2AB0C42B4D6E1800B7E741 /* SpotLight.swift in Sources */ = {isa = PBXBuildFile; fileRef = 3E2AB0B62B4D6E1800B7E741 /* SpotLight.swift */; };
		3E2AB0C52B4D6E1800B7E741 /* GestureControlView.swift in Sources */ = {isa = PBXBuildFile; fileRef = 3E2AB0B72B4D6E1800B7E741 /* GestureControlView.swift */; };
		3E6F02A62B5A4F7A007BEF1B /* toy_robot_vintage.usdz in Resources */ = {isa = PBXBuildFile; fileRef = 3E6F02A22B5A4F78007BEF1B /* toy_robot_vintage.usdz */; };
		3E6F02A72B5A4F7A007BEF1B /* tv_retro.usdz in Resources */ = {isa = PBXBuildFile; fileRef = 3E6F02A32B5A4F79007BEF1B /* tv_retro.usdz */; };
		3E6F02A82B5A4F7A007BEF1B /* objBook.arobject in Resources */ = {isa = PBXBuildFile; fileRef = 3E6F02A42B5A4F7A007BEF1B /* objBook.arobject */; };
		3E6F02A92B5A4F7A007BEF1B /* toy_biplane.usdz in Resources */ = {isa = PBXBuildFile; fileRef = 3E6F02A52B5A4F7A007BEF1B /* toy_biplane.usdz */; };
		3E8888292B5E6ED000127C96 /* jinhua.arobject in Resources */ = {isa = PBXBuildFile; fileRef = 3E8888282B5E6ED000127C96 /* jinhua.arobject */; };
		3E88882B2B5E82BE00127C96 /* ObjectChceking.swift in Sources */ = {isa = PBXBuildFile; fileRef = 3E88882A2B5E82BE00127C96 /* ObjectChceking.swift */; };
		3E9ADBB72B5F94F600D2AECD /* ObjectScanning.swift in Sources */ = {isa = PBXBuildFile; fileRef = 3E9ADBB62B5F94F600D2AECD /* ObjectScanning.swift */; };
		3EB016E82B610647002000F7 /* FaceChecking.swift in Sources */ = {isa = PBXBuildFile; fileRef = 3EB016E72B610647002000F7 /* FaceChecking.swift */; };
		3EB016EC2B61254E002000F7 /* face.scnassets in Resources */ = {isa = PBXBuildFile; fileRef = 3EB016EB2B61254E002000F7 /* face.scnassets */; };
		3EB016EE2B612A3A002000F7 /* FaceMask.rcproject in Sources */ = {isa = PBXBuildFile; fileRef = 3EB016ED2B612A3A002000F7 /* FaceMask.rcproject */; };
		3EDBF2412B50E92C000AC5FF /* Box_Texture.jpg in Resources */ = {isa = PBXBuildFile; fileRef = 3EDBF2402B50E92C000AC5FF /* Box_Texture.jpg */; };
		3EDBF2432B50E936000AC5FF /* AR_Placement_Indicator.png in Resources */ = {isa = PBXBuildFile; fileRef = 3EDBF2422B50E936000AC5FF /* AR_Placement_Indicator.png */; };
		3EDBF2452B50E942000AC5FF /* Surface_DIFFUSE.png in Resources */ = {isa = PBXBuildFile; fileRef = 3EDBF2442B50E942000AC5FF /* Surface_DIFFUSE.png */; };
		3EDBF2472B50EA56000AC5FF /* BaseChapterView.swift in Sources */ = {isa = PBXBuildFile; fileRef = 3EDBF2462B50EA56000AC5FF /* BaseChapterView.swift */; };
		3EDBF2492B57F23A000AC5FF /* toy_drummer.usdz in Resources */ = {isa = PBXBuildFile; fileRef = 3EDBF2482B57F23A000AC5FF /* toy_drummer.usdz */; };
		3EDBF24C2B58F965000AC5FF /* FunctionalTechnology.swift in Sources */ = {isa = PBXBuildFile; fileRef = 3EDBF24B2B58F965000AC5FF /* FunctionalTechnology.swift */; };
		3EDBF24E2B594300000AC5FF /* ImageChecking.swift in Sources */ = {isa = PBXBuildFile; fileRef = 3EDBF24D2B594300000AC5FF /* ImageChecking.swift */; };
/* End PBXBuildFile section */

/* Begin PBXContainerItemProxy section */
		3E2AB08D2B4D6C6600B7E741 /* PBXContainerItemProxy */ = {
			isa = PBXContainerItemProxy;
			containerPortal = 3E2AB0742B4D6C6300B7E741 /* Project object */;
			proxyType = 1;
			remoteGlobalIDString = 3E2AB07B2B4D6C6300B7E741;
			remoteInfo = ARKitDeamo;
		};
		3E2AB0972B4D6C6600B7E741 /* PBXContainerItemProxy */ = {
			isa = PBXContainerItemProxy;
			containerPortal = 3E2AB0742B4D6C6300B7E741 /* Project object */;
			proxyType = 1;
			remoteGlobalIDString = 3E2AB07B2B4D6C6300B7E741;
			remoteInfo = ARKitDeamo;
		};
/* End PBXContainerItemProxy section */

/* Begin PBXFileReference section */
		3E2AB07C2B4D6C6300B7E741 /* ARKitDeamo.app */ = {isa = PBXFileReference; explicitFileType = wrapper.application; includeInIndex = 0; path = ARKitDeamo.app; sourceTree = BUILT_PRODUCTS_DIR; };
		3E2AB07F2B4D6C6300B7E741 /* ARKitDeamoApp.swift */ = {isa = PBXFileReference; lastKnownFileType = sourcecode.swift; path = ARKitDeamoApp.swift; sourceTree = "<group>"; };
		3E2AB0812B4D6C6300B7E741 /* ContentView.swift */ = {isa = PBXFileReference; lastKnownFileType = sourcecode.swift; path = ContentView.swift; sourceTree = "<group>"; };
		3E2AB0832B4D6C6600B7E741 /* Assets.xcassets */ = {isa = PBXFileReference; lastKnownFileType = folder.assetcatalog; path = Assets.xcassets; sourceTree = "<group>"; };
		3E2AB0862B4D6C6600B7E741 /* Preview Assets.xcassets */ = {isa = PBXFileReference; lastKnownFileType = folder.assetcatalog; path = "Preview Assets.xcassets"; sourceTree = "<group>"; };
		3E2AB08C2B4D6C6600B7E741 /* ARKitDeamoTests.xctest */ = {isa = PBXFileReference; explicitFileType = wrapper.cfbundle; includeInIndex = 0; path = ARKitDeamoTests.xctest; sourceTree = BUILT_PRODUCTS_DIR; };
		3E2AB0902B4D6C6600B7E741 /* ARKitDeamoTests.swift */ = {isa = PBXFileReference; lastKnownFileType = sourcecode.swift; path = ARKitDeamoTests.swift; sourceTree = "<group>"; };
		3E2AB0962B4D6C6600B7E741 /* ARKitDeamoUITests.xctest */ = {isa = PBXFileReference; explicitFileType = wrapper.cfbundle; includeInIndex = 0; path = ARKitDeamoUITests.xctest; sourceTree = BUILT_PRODUCTS_DIR; };
		3E2AB09A2B4D6C6600B7E741 /* ARKitDeamoUITests.swift */ = {isa = PBXFileReference; lastKnownFileType = sourcecode.swift; path = ARKitDeamoUITests.swift; sourceTree = "<group>"; };
		3E2AB09C2B4D6C6600B7E741 /* ARKitDeamoUITestsLaunchTests.swift */ = {isa = PBXFileReference; lastKnownFileType = sourcecode.swift; path = ARKitDeamoUITestsLaunchTests.swift; sourceTree = "<group>"; };
		3E2AB0AA2B4D6E1700B7E741 /* RealityKitEventView.swift */ = {isa = PBXFileReference; fileEncoding = 4; lastKnownFileType = sourcecode.swift; path = RealityKitEventView.swift; sourceTree = "<group>"; };
		3E2AB0AB2B4D6E1700B7E741 /* CheckingsPlaneShowView.swift */ = {isa = PBXFileReference; fileEncoding = 4; lastKnownFileType = sourcecode.swift; path = CheckingsPlaneShowView.swift; sourceTree = "<group>"; };
		3E2AB0AC2B4D6E1700B7E741 /* BoneAnimationView.swift */ = {isa = PBXFileReference; fileEncoding = 4; lastKnownFileType = sourcecode.swift; path = BoneAnimationView.swift; sourceTree = "<group>"; };
		3E2AB0AD2B4D6E1700B7E741 /* ARCoaching.swift */ = {isa = PBXFileReference; fileEncoding = 4; lastKnownFileType = sourcecode.swift; path = ARCoaching.swift; sourceTree = "<group>"; };
		3E2AB0AE2B4D6E1700B7E741 /* AnchorGeometryView.swift */ = {isa = PBXFileReference; fileEncoding = 4; lastKnownFileType = sourcecode.swift; path = AnchorGeometryView.swift; sourceTree = "<group>"; };
		3E2AB0AF2B4D6E1700B7E741 /* TransformView.swift */ = {isa = PBXFileReference; fileEncoding = 4; lastKnownFileType = sourcecode.swift; path = TransformView.swift; sourceTree = "<group>"; };
		3E2AB0B02B4D6E1700B7E741 /* AsyncLoadView.swift */ = {isa = PBXFileReference; fileEncoding = 4; lastKnownFileType = sourcecode.swift; path = AsyncLoadView.swift; sourceTree = "<group>"; };
		3E2AB0B12B4D6E1700B7E741 /* PointLight.swift */ = {isa = PBXFileReference; fileEncoding = 4; lastKnownFileType = sourcecode.swift; path = PointLight.swift; sourceTree = "<group>"; };
		3E2AB0B22B4D6E1800B7E741 /* ShapShoptView.swift */ = {isa = PBXFileReference; fileEncoding = 4; lastKnownFileType = sourcecode.swift; path = ShapShoptView.swift; sourceTree = "<group>"; };
		3E2AB0B32B4D6E1800B7E741 /* ARGescherView.swift */ = {isa = PBXFileReference; fileEncoding = 4; lastKnownFileType = sourcecode.swift; path = ARGescherView.swift; sourceTree = "<group>"; };
		3E2AB0B42B4D6E1800B7E741 /* RayCheckingAndGestureView.swift */ = {isa = PBXFileReference; fileEncoding = 4; lastKnownFileType = sourcecode.swift; path = RayCheckingAndGestureView.swift; sourceTree = "<group>"; };
		3E2AB0B52B4D6E1800B7E741 /* DirectionalLight.swift */ = {isa = PBXFileReference; fileEncoding = 4; lastKnownFileType = sourcecode.swift; path = DirectionalLight.swift; sourceTree = "<group>"; };
		3E2AB0B62B4D6E1800B7E741 /* SpotLight.swift */ = {isa = PBXFileReference; fileEncoding = 4; lastKnownFileType = sourcecode.swift; path = SpotLight.swift; sourceTree = "<group>"; };
		3E2AB0B72B4D6E1800B7E741 /* GestureControlView.swift */ = {isa = PBXFileReference; fileEncoding = 4; lastKnownFileType = sourcecode.swift; path = GestureControlView.swift; sourceTree = "<group>"; };
		3E6F02A22B5A4F78007BEF1B /* toy_robot_vintage.usdz */ = {isa = PBXFileReference; lastKnownFileType = file.usdz; path = toy_robot_vintage.usdz; sourceTree = "<group>"; };
		3E6F02A32B5A4F79007BEF1B /* tv_retro.usdz */ = {isa = PBXFileReference; lastKnownFileType = file.usdz; path = tv_retro.usdz; sourceTree = "<group>"; };
		3E6F02A42B5A4F7A007BEF1B /* objBook.arobject */ = {isa = PBXFileReference; lastKnownFileType = file; path = objBook.arobject; sourceTree = "<group>"; };
		3E6F02A52B5A4F7A007BEF1B /* toy_biplane.usdz */ = {isa = PBXFileReference; lastKnownFileType = file.usdz; path = toy_biplane.usdz; sourceTree = "<group>"; };
		3E8888282B5E6ED000127C96 /* jinhua.arobject */ = {isa = PBXFileReference; lastKnownFileType = file; path = jinhua.arobject; sourceTree = "<group>"; };
		3E88882A2B5E82BE00127C96 /* ObjectChceking.swift */ = {isa = PBXFileReference; lastKnownFileType = sourcecode.swift; path = ObjectChceking.swift; sourceTree = "<group>"; };
		3E9ADBB62B5F94F600D2AECD /* ObjectScanning.swift */ = {isa = PBXFileReference; lastKnownFileType = sourcecode.swift; path = ObjectScanning.swift; sourceTree = "<group>"; };
		3EB016E72B610647002000F7 /* FaceChecking.swift */ = {isa = PBXFileReference; lastKnownFileType = sourcecode.swift; path = FaceChecking.swift; sourceTree = "<group>"; };
		3EB016EB2B61254E002000F7 /* face.scnassets */ = {isa = PBXFileReference; lastKnownFileType = wrapper.scnassets; path = face.scnassets; sourceTree = "<group>"; };
		3EB016ED2B612A3A002000F7 /* FaceMask.rcproject */ = {isa = PBXFileReference; lastKnownFileType = file.rcproject; path = FaceMask.rcproject; sourceTree = "<group>"; };
		3EDBF2402B50E92C000AC5FF /* Box_Texture.jpg */ = {isa = PBXFileReference; lastKnownFileType = image.jpeg; path = Box_Texture.jpg; sourceTree = "<group>"; };
		3EDBF2422B50E936000AC5FF /* AR_Placement_Indicator.png */ = {isa = PBXFileReference; lastKnownFileType = image.png; path = AR_Placement_Indicator.png; sourceTree = "<group>"; };
		3EDBF2442B50E942000AC5FF /* Surface_DIFFUSE.png */ = {isa = PBXFileReference; lastKnownFileType = image.png; path = Surface_DIFFUSE.png; sourceTree = "<group>"; };
		3EDBF2462B50EA56000AC5FF /* BaseChapterView.swift */ = {isa = PBXFileReference; lastKnownFileType = sourcecode.swift; path = BaseChapterView.swift; sourceTree = "<group>"; };
		3EDBF2482B57F23A000AC5FF /* toy_drummer.usdz */ = {isa = PBXFileReference; lastKnownFileType = file.usdz; path = toy_drummer.usdz; sourceTree = "<group>"; };
		3EDBF24B2B58F965000AC5FF /* FunctionalTechnology.swift */ = {isa = PBXFileReference; lastKnownFileType = sourcecode.swift; path = FunctionalTechnology.swift; sourceTree = "<group>"; };
		3EDBF24D2B594300000AC5FF /* ImageChecking.swift */ = {isa = PBXFileReference; lastKnownFileType = sourcecode.swift; path = ImageChecking.swift; sourceTree = "<group>"; };
/* End PBXFileReference section */

/* Begin PBXFrameworksBuildPhase section */
		3E2AB0792B4D6C6300B7E741 /* Frameworks */ = {
			isa = PBXFrameworksBuildPhase;
			buildActionMask = 2147483647;
			files = (
			);
			runOnlyForDeploymentPostprocessing = 0;
		};
		3E2AB0892B4D6C6600B7E741 /* Frameworks */ = {
			isa = PBXFrameworksBuildPhase;
			buildActionMask = 2147483647;
			files = (
			);
			runOnlyForDeploymentPostprocessing = 0;
		};
		3E2AB0932B4D6C6600B7E741 /* Frameworks */ = {
			isa = PBXFrameworksBuildPhase;
			buildActionMask = 2147483647;
			files = (
			);
			runOnlyForDeploymentPostprocessing = 0;
		};
/* End PBXFrameworksBuildPhase section */

/* Begin PBXGroup section */
		3E2AB0732B4D6C6300B7E741 = {
			isa = PBXGroup;
			children = (
				3E2AB07E2B4D6C6300B7E741 /* ARKitDeamo */,
				3E2AB08F2B4D6C6600B7E741 /* ARKitDeamoTests */,
				3E2AB0992B4D6C6600B7E741 /* ARKitDeamoUITests */,
				3E2AB07D2B4D6C6300B7E741 /* Products */,
			);
			sourceTree = "<group>";
		};
		3E2AB07D2B4D6C6300B7E741 /* Products */ = {
			isa = PBXGroup;
			children = (
				3E2AB07C2B4D6C6300B7E741 /* ARKitDeamo.app */,
				3E2AB08C2B4D6C6600B7E741 /* ARKitDeamoTests.xctest */,
				3E2AB0962B4D6C6600B7E741 /* ARKitDeamoUITests.xctest */,
			);
			name = Products;
			sourceTree = "<group>";
		};
		3E2AB07E2B4D6C6300B7E741 /* ARKitDeamo */ = {
			isa = PBXGroup;
			children = (
				3EB016ED2B612A3A002000F7 /* FaceMask.rcproject */,
				3EDBF24A2B58F8A2000AC5FF /* FunctionalTechnology */,
				3E2AB0A92B4D6DAA00B7E741 /* BaseChapter */,
				3E2AB07F2B4D6C6300B7E741 /* ARKitDeamoApp.swift */,
				3E2AB0812B4D6C6300B7E741 /* ContentView.swift */,
				3E2AB0832B4D6C6600B7E741 /* Assets.xcassets */,
				3E2AB0852B4D6C6600B7E741 /* Preview Content */,
			);
			path = ARKitDeamo;
			sourceTree = "<group>";
		};
		3E2AB0852B4D6C6600B7E741 /* Preview Content */ = {
			isa = PBXGroup;
			children = (
				3E2AB0862B4D6C6600B7E741 /* Preview Assets.xcassets */,
			);
			path = "Preview Content";
			sourceTree = "<group>";
		};
		3E2AB08F2B4D6C6600B7E741 /* ARKitDeamoTests */ = {
			isa = PBXGroup;
			children = (
				3E2AB0902B4D6C6600B7E741 /* ARKitDeamoTests.swift */,
			);
			path = ARKitDeamoTests;
			sourceTree = "<group>";
		};
		3E2AB0992B4D6C6600B7E741 /* ARKitDeamoUITests */ = {
			isa = PBXGroup;
			children = (
				3E2AB09A2B4D6C6600B7E741 /* ARKitDeamoUITests.swift */,
				3E2AB09C2B4D6C6600B7E741 /* ARKitDeamoUITestsLaunchTests.swift */,
			);
			path = ARKitDeamoUITests;
			sourceTree = "<group>";
		};
		3E2AB0A92B4D6DAA00B7E741 /* BaseChapter */ = {
			isa = PBXGroup;
			children = (
				3EDBF23F2B50E916000AC5FF /* image */,
				3E2AB0AD2B4D6E1700B7E741 /* ARCoaching.swift */,
				3E2AB0B32B4D6E1800B7E741 /* ARGescherView.swift */,
				3E2AB0B22B4D6E1800B7E741 /* ShapShoptView.swift */,
				3E2AB0AB2B4D6E1700B7E741 /* CheckingsPlaneShowView.swift */,
				3E2AB0B42B4D6E1800B7E741 /* RayCheckingAndGestureView.swift */,
				3E2AB0B72B4D6E1800B7E741 /* GestureControlView.swift */,
				3E2AB0AE2B4D6E1700B7E741 /* AnchorGeometryView.swift */,
				3E2AB0AA2B4D6E1700B7E741 /* RealityKitEventView.swift */,
				3E2AB0AC2B4D6E1700B7E741 /* BoneAnimationView.swift */,
				3E2AB0B02B4D6E1700B7E741 /* AsyncLoadView.swift */,
				3E2AB0B52B4D6E1800B7E741 /* DirectionalLight.swift */,
				3E2AB0B12B4D6E1700B7E741 /* PointLight.swift */,
				3E2AB0B62B4D6E1800B7E741 /* SpotLight.swift */,
				3E2AB0AF2B4D6E1700B7E741 /* TransformView.swift */,
				3EDBF2462B50EA56000AC5FF /* BaseChapterView.swift */,
			);
			path = BaseChapter;
			sourceTree = "<group>";
		};
		3EDBF23F2B50E916000AC5FF /* image */ = {
			isa = PBXGroup;
			children = (
				3EB016EB2B61254E002000F7 /* face.scnassets */,
				3EDBF2442B50E942000AC5FF /* Surface_DIFFUSE.png */,
				3E6F02A42B5A4F7A007BEF1B /* objBook.arobject */,
				3E8888282B5E6ED000127C96 /* jinhua.arobject */,
				3E6F02A52B5A4F7A007BEF1B /* toy_biplane.usdz */,
				3E6F02A22B5A4F78007BEF1B /* toy_robot_vintage.usdz */,
				3E6F02A32B5A4F79007BEF1B /* tv_retro.usdz */,
				3EDBF2422B50E936000AC5FF /* AR_Placement_Indicator.png */,
				3EDBF2402B50E92C000AC5FF /* Box_Texture.jpg */,
				3EDBF2482B57F23A000AC5FF /* toy_drummer.usdz */,
			);
			path = image;
			sourceTree = "<group>";
		};
		3EDBF24A2B58F8A2000AC5FF /* FunctionalTechnology */ = {
			isa = PBXGroup;
			children = (
				3EDBF24B2B58F965000AC5FF /* FunctionalTechnology.swift */,
				3EDBF24D2B594300000AC5FF /* ImageChecking.swift */,
				3E88882A2B5E82BE00127C96 /* ObjectChceking.swift */,
				3E9ADBB62B5F94F600D2AECD /* ObjectScanning.swift */,
				3EB016E72B610647002000F7 /* FaceChecking.swift */,
			);
			path = FunctionalTechnology;
			sourceTree = "<group>";
		};
/* End PBXGroup section */

/* Begin PBXNativeTarget section */
		3E2AB07B2B4D6C6300B7E741 /* ARKitDeamo */ = {
			isa = PBXNativeTarget;
			buildConfigurationList = 3E2AB0A02B4D6C6600B7E741 /* Build configuration list for PBXNativeTarget "ARKitDeamo" */;
			buildPhases = (
				3E2AB0782B4D6C6300B7E741 /* Sources */,
				3E2AB0792B4D6C6300B7E741 /* Frameworks */,
				3E2AB07A2B4D6C6300B7E741 /* Resources */,
			);
			buildRules = (
			);
			dependencies = (
			);
			name = ARKitDeamo;
			productName = ARKitDeamo;
			productReference = 3E2AB07C2B4D6C6300B7E741 /* ARKitDeamo.app */;
			productType = "com.apple.product-type.application";
		};
		3E2AB08B2B4D6C6600B7E741 /* ARKitDeamoTests */ = {
			isa = PBXNativeTarget;
			buildConfigurationList = 3E2AB0A32B4D6C6600B7E741 /* Build configuration list for PBXNativeTarget "ARKitDeamoTests" */;
			buildPhases = (
				3E2AB0882B4D6C6600B7E741 /* Sources */,
				3E2AB0892B4D6C6600B7E741 /* Frameworks */,
				3E2AB08A2B4D6C6600B7E741 /* Resources */,
			);
			buildRules = (
			);
			dependencies = (
				3E2AB08E2B4D6C6600B7E741 /* PBXTargetDependency */,
			);
			name = ARKitDeamoTests;
			productName = ARKitDeamoTests;
			productReference = 3E2AB08C2B4D6C6600B7E741 /* ARKitDeamoTests.xctest */;
			productType = "com.apple.product-type.bundle.unit-test";
		};
		3E2AB0952B4D6C6600B7E741 /* ARKitDeamoUITests */ = {
			isa = PBXNativeTarget;
			buildConfigurationList = 3E2AB0A62B4D6C6600B7E741 /* Build configuration list for PBXNativeTarget "ARKitDeamoUITests" */;
			buildPhases = (
				3E2AB0922B4D6C6600B7E741 /* Sources */,
				3E2AB0932B4D6C6600B7E741 /* Frameworks */,
				3E2AB0942B4D6C6600B7E741 /* Resources */,
			);
			buildRules = (
			);
			dependencies = (
				3E2AB0982B4D6C6600B7E741 /* PBXTargetDependency */,
			);
			name = ARKitDeamoUITests;
			productName = ARKitDeamoUITests;
			productReference = 3E2AB0962B4D6C6600B7E741 /* ARKitDeamoUITests.xctest */;
			productType = "com.apple.product-type.bundle.ui-testing";
		};
/* End PBXNativeTarget section */

/* Begin PBXProject section */
		3E2AB0742B4D6C6300B7E741 /* Project object */ = {
			isa = PBXProject;
			attributes = {
				BuildIndependentTargetsInParallel = 1;
				LastSwiftUpdateCheck = 1510;
				LastUpgradeCheck = 1510;
				TargetAttributes = {
					3E2AB07B2B4D6C6300B7E741 = {
						CreatedOnToolsVersion = 15.1;
					};
					3E2AB08B2B4D6C6600B7E741 = {
						CreatedOnToolsVersion = 15.1;
						TestTargetID = 3E2AB07B2B4D6C6300B7E741;
					};
					3E2AB0952B4D6C6600B7E741 = {
						CreatedOnToolsVersion = 15.1;
						TestTargetID = 3E2AB07B2B4D6C6300B7E741;
					};
				};
			};
			buildConfigurationList = 3E2AB0772B4D6C6300B7E741 /* Build configuration list for PBXProject "ARKitDeamo" */;
			compatibilityVersion = "Xcode 14.0";
			developmentRegion = en;
			hasScannedForEncodings = 0;
			knownRegions = (
				en,
				Base,
			);
			mainGroup = 3E2AB0732B4D6C6300B7E741;
			productRefGroup = 3E2AB07D2B4D6C6300B7E741 /* Products */;
			projectDirPath = "";
			projectRoot = "";
			targets = (
				3E2AB07B2B4D6C6300B7E741 /* ARKitDeamo */,
				3E2AB08B2B4D6C6600B7E741 /* ARKitDeamoTests */,
				3E2AB0952B4D6C6600B7E741 /* ARKitDeamoUITests */,
			);
		};
/* End PBXProject section */

/* Begin PBXResourcesBuildPhase section */
		3E2AB07A2B4D6C6300B7E741 /* Resources */ = {
			isa = PBXResourcesBuildPhase;
			buildActionMask = 2147483647;
			files = (
				3EDBF2452B50E942000AC5FF /* Surface_DIFFUSE.png in Resources */,
				3EDBF2432B50E936000AC5FF /* AR_Placement_Indicator.png in Resources */,
				3E6F02A82B5A4F7A007BEF1B /* objBook.arobject in Resources */,
				3EB016EC2B61254E002000F7 /* face.scnassets in Resources */,
				3E2AB0872B4D6C6600B7E741 /* Preview Assets.xcassets in Resources */,
				3EDBF2412B50E92C000AC5FF /* Box_Texture.jpg in Resources */,
				3E2AB0842B4D6C6600B7E741 /* Assets.xcassets in Resources */,
				3E6F02A92B5A4F7A007BEF1B /* toy_biplane.usdz in Resources */,
				3EDBF2492B57F23A000AC5FF /* toy_drummer.usdz in Resources */,
				3E6F02A72B5A4F7A007BEF1B /* tv_retro.usdz in Resources */,
				3E8888292B5E6ED000127C96 /* jinhua.arobject in Resources */,
				3E6F02A62B5A4F7A007BEF1B /* toy_robot_vintage.usdz in Resources */,
			);
			runOnlyForDeploymentPostprocessing = 0;
		};
		3E2AB08A2B4D6C6600B7E741 /* Resources */ = {
			isa = PBXResourcesBuildPhase;
			buildActionMask = 2147483647;
			files = (
			);
			runOnlyForDeploymentPostprocessing = 0;
		};
		3E2AB0942B4D6C6600B7E741 /* Resources */ = {
			isa = PBXResourcesBuildPhase;
			buildActionMask = 2147483647;
			files = (
			);
			runOnlyForDeploymentPostprocessing = 0;
		};
/* End PBXResourcesBuildPhase section */

/* Begin PBXSourcesBuildPhase section */
		3E2AB0782B4D6C6300B7E741 /* Sources */ = {
			isa = PBXSourcesBuildPhase;
			buildActionMask = 2147483647;
			files = (
				3E2AB0C22B4D6E1800B7E741 /* RayCheckingAndGestureView.swift in Sources */,
				3EDBF24E2B594300000AC5FF /* ImageChecking.swift in Sources */,
				3E88882B2B5E82BE00127C96 /* ObjectChceking.swift in Sources */,
				3E2AB0C42B4D6E1800B7E741 /* SpotLight.swift in Sources */,
				3EB016E82B610647002000F7 /* FaceChecking.swift in Sources */,
				3EDBF24C2B58F965000AC5FF /* FunctionalTechnology.swift in Sources */,
				3E2AB0822B4D6C6300B7E741 /* ContentView.swift in Sources */,
				3E2AB0802B4D6C6300B7E741 /* ARKitDeamoApp.swift in Sources */,
				3E2AB0BF2B4D6E1800B7E741 /* PointLight.swift in Sources */,
				3E2AB0BE2B4D6E1800B7E741 /* AsyncLoadView.swift in Sources */,
				3EDBF2472B50EA56000AC5FF /* BaseChapterView.swift in Sources */,
				3E2AB0BD2B4D6E1800B7E741 /* TransformView.swift in Sources */,
				3E2AB0C12B4D6E1800B7E741 /* ARGescherView.swift in Sources */,
				3E2AB0BC2B4D6E1800B7E741 /* AnchorGeometryView.swift in Sources */,
				3EB016EE2B612A3A002000F7 /* FaceMask.rcproject in Sources */,
				3E9ADBB72B5F94F600D2AECD /* ObjectScanning.swift in Sources */,
				3E2AB0B82B4D6E1800B7E741 /* RealityKitEventView.swift in Sources */,
				3E2AB0C52B4D6E1800B7E741 /* GestureControlView.swift in Sources */,
				3E2AB0BA2B4D6E1800B7E741 /* BoneAnimationView.swift in Sources */,
				3E2AB0C02B4D6E1800B7E741 /* ShapShoptView.swift in Sources */,
				3E2AB0B92B4D6E1800B7E741 /* CheckingsPlaneShowView.swift in Sources */,
				3E2AB0C32B4D6E1800B7E741 /* DirectionalLight.swift in Sources */,
				3E2AB0BB2B4D6E1800B7E741 /* ARCoaching.swift in Sources */,
			);
			runOnlyForDeploymentPostprocessing = 0;
		};
		3E2AB0882B4D6C6600B7E741 /* Sources */ = {
			isa = PBXSourcesBuildPhase;
			buildActionMask = 2147483647;
			files = (
				3E2AB0912B4D6C6600B7E741 /* ARKitDeamoTests.swift in Sources */,
			);
			runOnlyForDeploymentPostprocessing = 0;
		};
		3E2AB0922B4D6C6600B7E741 /* Sources */ = {
			isa = PBXSourcesBuildPhase;
			buildActionMask = 2147483647;
			files = (
				3E2AB09B2B4D6C6600B7E741 /* ARKitDeamoUITests.swift in Sources */,
				3E2AB09D2B4D6C6600B7E741 /* ARKitDeamoUITestsLaunchTests.swift in Sources */,
			);
			runOnlyForDeploymentPostprocessing = 0;
		};
/* End PBXSourcesBuildPhase section */

/* Begin PBXTargetDependency section */
		3E2AB08E2B4D6C6600B7E741 /* PBXTargetDependency */ = {
			isa = PBXTargetDependency;
			target = 3E2AB07B2B4D6C6300B7E741 /* ARKitDeamo */;
			targetProxy = 3E2AB08D2B4D6C6600B7E741 /* PBXContainerItemProxy */;
		};
		3E2AB0982B4D6C6600B7E741 /* PBXTargetDependency */ = {
			isa = PBXTargetDependency;
			target = 3E2AB07B2B4D6C6300B7E741 /* ARKitDeamo */;
			targetProxy = 3E2AB0972B4D6C6600B7E741 /* PBXContainerItemProxy */;
		};
/* End PBXTargetDependency section */

/* Begin XCBuildConfiguration section */
		3E2AB09E2B4D6C6600B7E741 /* Debug */ = {
			isa = XCBuildConfiguration;
			buildSettings = {
				ALWAYS_SEARCH_USER_PATHS = NO;
				ASSETCATALOG_COMPILER_GENERATE_SWIFT_ASSET_SYMBOL_EXTENSIONS = YES;
				CLANG_ANALYZER_NONNULL = YES;
				CLANG_ANALYZER_NUMBER_OBJECT_CONVERSION = YES_AGGRESSIVE;
				CLANG_CXX_LANGUAGE_STANDARD = "gnu++20";
				CLANG_ENABLE_MODULES = YES;
				CLANG_ENABLE_OBJC_ARC = YES;
				CLANG_ENABLE_OBJC_WEAK = YES;
				CLANG_WARN_BLOCK_CAPTURE_AUTORELEASING = YES;
				CLANG_WARN_BOOL_CONVERSION = YES;
				CLANG_WARN_COMMA = YES;
				CLANG_WARN_CONSTANT_CONVERSION = YES;
				CLANG_WARN_DEPRECATED_OBJC_IMPLEMENTATIONS = YES;
				CLANG_WARN_DIRECT_OBJC_ISA_USAGE = YES_ERROR;
				CLANG_WARN_DOCUMENTATION_COMMENTS = YES;
				CLANG_WARN_EMPTY_BODY = YES;
				CLANG_WARN_ENUM_CONVERSION = YES;
				CLANG_WARN_INFINITE_RECURSION = YES;
				CLANG_WARN_INT_CONVERSION = YES;
				CLANG_WARN_NON_LITERAL_NULL_CONVERSION = YES;
				CLANG_WARN_OBJC_IMPLICIT_RETAIN_SELF = YES;
				CLANG_WARN_OBJC_LITERAL_CONVERSION = YES;
				CLANG_WARN_OBJC_ROOT_CLASS = YES_ERROR;
				CLANG_WARN_QUOTED_INCLUDE_IN_FRAMEWORK_HEADER = YES;
				CLANG_WARN_RANGE_LOOP_ANALYSIS = YES;
				CLANG_WARN_STRICT_PROTOTYPES = YES;
				CLANG_WARN_SUSPICIOUS_MOVE = YES;
				CLANG_WARN_UNGUARDED_AVAILABILITY = YES_AGGRESSIVE;
				CLANG_WARN_UNREACHABLE_CODE = YES;
				CLANG_WARN__DUPLICATE_METHOD_MATCH = YES;
				COPY_PHASE_STRIP = NO;
				DEBUG_INFORMATION_FORMAT = dwarf;
				ENABLE_STRICT_OBJC_MSGSEND = YES;
				ENABLE_TESTABILITY = YES;
				ENABLE_USER_SCRIPT_SANDBOXING = YES;
				GCC_C_LANGUAGE_STANDARD = gnu17;
				GCC_DYNAMIC_NO_PIC = NO;
				GCC_NO_COMMON_BLOCKS = YES;
				GCC_OPTIMIZATION_LEVEL = 0;
				GCC_PREPROCESSOR_DEFINITIONS = (
					"DEBUG=1",
					"$(inherited)",
				);
				GCC_WARN_64_TO_32_BIT_CONVERSION = YES;
				GCC_WARN_ABOUT_RETURN_TYPE = YES_ERROR;
				GCC_WARN_UNDECLARED_SELECTOR = YES;
				GCC_WARN_UNINITIALIZED_AUTOS = YES_AGGRESSIVE;
				GCC_WARN_UNUSED_FUNCTION = YES;
				GCC_WARN_UNUSED_VARIABLE = YES;
				IPHONEOS_DEPLOYMENT_TARGET = 17.2;
				LOCALIZATION_PREFERS_STRING_CATALOGS = YES;
				MTL_ENABLE_DEBUG_INFO = INCLUDE_SOURCE;
				MTL_FAST_MATH = YES;
				ONLY_ACTIVE_ARCH = YES;
				SDKROOT = iphoneos;
				SWIFT_ACTIVE_COMPILATION_CONDITIONS = "DEBUG $(inherited)";
				SWIFT_OPTIMIZATION_LEVEL = "-Onone";
			};
			name = Debug;
		};
		3E2AB09F2B4D6C6600B7E741 /* Release */ = {
			isa = XCBuildConfiguration;
			buildSettings = {
				ALWAYS_SEARCH_USER_PATHS = NO;
				ASSETCATALOG_COMPILER_GENERATE_SWIFT_ASSET_SYMBOL_EXTENSIONS = YES;
				CLANG_ANALYZER_NONNULL = YES;
				CLANG_ANALYZER_NUMBER_OBJECT_CONVERSION = YES_AGGRESSIVE;
				CLANG_CXX_LANGUAGE_STANDARD = "gnu++20";
				CLANG_ENABLE_MODULES = YES;
				CLANG_ENABLE_OBJC_ARC = YES;
				CLANG_ENABLE_OBJC_WEAK = YES;
				CLANG_WARN_BLOCK_CAPTURE_AUTORELEASING = YES;
				CLANG_WARN_BOOL_CONVERSION = YES;
				CLANG_WARN_COMMA = YES;
				CLANG_WARN_CONSTANT_CONVERSION = YES;
				CLANG_WARN_DEPRECATED_OBJC_IMPLEMENTATIONS = YES;
				CLANG_WARN_DIRECT_OBJC_ISA_USAGE = YES_ERROR;
				CLANG_WARN_DOCUMENTATION_COMMENTS = YES;
				CLANG_WARN_EMPTY_BODY = YES;
				CLANG_WARN_ENUM_CONVERSION = YES;
				CLANG_WARN_INFINITE_RECURSION = YES;
				CLANG_WARN_INT_CONVERSION = YES;
				CLANG_WARN_NON_LITERAL_NULL_CONVERSION = YES;
				CLANG_WARN_OBJC_IMPLICIT_RETAIN_SELF = YES;
				CLANG_WARN_OBJC_LITERAL_CONVERSION = YES;
				CLANG_WARN_OBJC_ROOT_CLASS = YES_ERROR;
				CLANG_WARN_QUOTED_INCLUDE_IN_FRAMEWORK_HEADER = YES;
				CLANG_WARN_RANGE_LOOP_ANALYSIS = YES;
				CLANG_WARN_STRICT_PROTOTYPES = YES;
				CLANG_WARN_SUSPICIOUS_MOVE = YES;
				CLANG_WARN_UNGUARDED_AVAILABILITY = YES_AGGRESSIVE;
				CLANG_WARN_UNREACHABLE_CODE = YES;
				CLANG_WARN__DUPLICATE_METHOD_MATCH = YES;
				COPY_PHASE_STRIP = NO;
				DEBUG_INFORMATION_FORMAT = "dwarf-with-dsym";
				ENABLE_NS_ASSERTIONS = NO;
				ENABLE_STRICT_OBJC_MSGSEND = YES;
				ENABLE_USER_SCRIPT_SANDBOXING = YES;
				GCC_C_LANGUAGE_STANDARD = gnu17;
				GCC_NO_COMMON_BLOCKS = YES;
				GCC_WARN_64_TO_32_BIT_CONVERSION = YES;
				GCC_WARN_ABOUT_RETURN_TYPE = YES_ERROR;
				GCC_WARN_UNDECLARED_SELECTOR = YES;
				GCC_WARN_UNINITIALIZED_AUTOS = YES_AGGRESSIVE;
				GCC_WARN_UNUSED_FUNCTION = YES;
				GCC_WARN_UNUSED_VARIABLE = YES;
				IPHONEOS_DEPLOYMENT_TARGET = 17.2;
				LOCALIZATION_PREFERS_STRING_CATALOGS = YES;
				MTL_ENABLE_DEBUG_INFO = NO;
				MTL_FAST_MATH = YES;
				SDKROOT = iphoneos;
				SWIFT_COMPILATION_MODE = wholemodule;
				VALIDATE_PRODUCT = YES;
			};
			name = Release;
		};
		3E2AB0A12B4D6C6600B7E741 /* Debug */ = {
			isa = XCBuildConfiguration;
			buildSettings = {
				ASSETCATALOG_COMPILER_APPICON_NAME = AppIcon;
				ASSETCATALOG_COMPILER_GLOBAL_ACCENT_COLOR_NAME = AccentColor;
				CODE_SIGN_STYLE = Automatic;
				CURRENT_PROJECT_VERSION = 1;
				DEVELOPMENT_ASSET_PATHS = "\"ARKitDeamo/Preview Content\"";
				DEVELOPMENT_TEAM = 6245M2ZZ7W;
				ENABLE_PREVIEWS = YES;
				GENERATE_INFOPLIST_FILE = YES;
				INFOPLIST_KEY_NSCameraUsageDescription = "使用摄像头捕捉画面";
				INFOPLIST_KEY_UIApplicationSceneManifest_Generation = YES;
				INFOPLIST_KEY_UIApplicationSupportsIndirectInputEvents = YES;
				INFOPLIST_KEY_UILaunchScreen_Generation = YES;
				INFOPLIST_KEY_UISupportedInterfaceOrientations_iPad = "UIInterfaceOrientationPortrait UIInterfaceOrientationPortraitUpsideDown UIInterfaceOrientationLandscapeLeft UIInterfaceOrientationLandscapeRight";
				INFOPLIST_KEY_UISupportedInterfaceOrientations_iPhone = "UIInterfaceOrientationPortrait UIInterfaceOrientationLandscapeLeft UIInterfaceOrientationLandscapeRight";
				IPHONEOS_DEPLOYMENT_TARGET = 16.1;
				LD_RUNPATH_SEARCH_PATHS = (
					"$(inherited)",
					"@executable_path/Frameworks",
				);
				MARKETING_VERSION = 1.0;
				PRODUCT_BUNDLE_IDENTIFIER = mxplayer.in.ARKitDeamo;
				PRODUCT_NAME = "$(TARGET_NAME)";
				SWIFT_EMIT_LOC_STRINGS = YES;
				SWIFT_VERSION = 5.0;
				TARGETED_DEVICE_FAMILY = "1,2";
			};
			name = Debug;
		};
		3E2AB0A22B4D6C6600B7E741 /* Release */ = {
			isa = XCBuildConfiguration;
			buildSettings = {
				ASSETCATALOG_COMPILER_APPICON_NAME = AppIcon;
				ASSETCATALOG_COMPILER_GLOBAL_ACCENT_COLOR_NAME = AccentColor;
				CODE_SIGN_STYLE = Automatic;
				CURRENT_PROJECT_VERSION = 1;
				DEVELOPMENT_ASSET_PATHS = "\"ARKitDeamo/Preview Content\"";
				DEVELOPMENT_TEAM = 6245M2ZZ7W;
				ENABLE_PREVIEWS = YES;
				GENERATE_INFOPLIST_FILE = YES;
				INFOPLIST_KEY_NSCameraUsageDescription = "使用摄像头捕捉画面";
				INFOPLIST_KEY_UIApplicationSceneManifest_Generation = YES;
				INFOPLIST_KEY_UIApplicationSupportsIndirectInputEvents = YES;
				INFOPLIST_KEY_UILaunchScreen_Generation = YES;
				INFOPLIST_KEY_UISupportedInterfaceOrientations_iPad = "UIInterfaceOrientationPortrait UIInterfaceOrientationPortraitUpsideDown UIInterfaceOrientationLandscapeLeft UIInterfaceOrientationLandscapeRight";
				INFOPLIST_KEY_UISupportedInterfaceOrientations_iPhone = "UIInterfaceOrientationPortrait UIInterfaceOrientationLandscapeLeft UIInterfaceOrientationLandscapeRight";
				IPHONEOS_DEPLOYMENT_TARGET = 16.1;
				LD_RUNPATH_SEARCH_PATHS = (
					"$(inherited)",
					"@executable_path/Frameworks",
				);
				MARKETING_VERSION = 1.0;
				PRODUCT_BUNDLE_IDENTIFIER = mxplayer.in.ARKitDeamo;
				PRODUCT_NAME = "$(TARGET_NAME)";
				SWIFT_EMIT_LOC_STRINGS = YES;
				SWIFT_VERSION = 5.0;
				TARGETED_DEVICE_FAMILY = "1,2";
			};
			name = Release;
		};
		3E2AB0A42B4D6C6600B7E741 /* Debug */ = {
			isa = XCBuildConfiguration;
			buildSettings = {
				ALWAYS_EMBED_SWIFT_STANDARD_LIBRARIES = YES;
				BUNDLE_LOADER = "$(TEST_HOST)";
				CODE_SIGN_STYLE = Automatic;
				CURRENT_PROJECT_VERSION = 1;
				DEVELOPMENT_TEAM = 6245M2ZZ7W;
				GENERATE_INFOPLIST_FILE = YES;
				IPHONEOS_DEPLOYMENT_TARGET = 17.2;
				MARKETING_VERSION = 1.0;
				PRODUCT_BUNDLE_IDENTIFIER = mxplayer.in.ARKitDeamoTests;
				PRODUCT_NAME = "$(TARGET_NAME)";
				SWIFT_EMIT_LOC_STRINGS = NO;
				SWIFT_VERSION = 5.0;
				TARGETED_DEVICE_FAMILY = "1,2";
				TEST_HOST = "$(BUILT_PRODUCTS_DIR)/ARKitDeamo.app/$(BUNDLE_EXECUTABLE_FOLDER_PATH)/ARKitDeamo";
			};
			name = Debug;
		};
		3E2AB0A52B4D6C6600B7E741 /* Release */ = {
			isa = XCBuildConfiguration;
			buildSettings = {
				ALWAYS_EMBED_SWIFT_STANDARD_LIBRARIES = YES;
				BUNDLE_LOADER = "$(TEST_HOST)";
				CODE_SIGN_STYLE = Automatic;
				CURRENT_PROJECT_VERSION = 1;
				DEVELOPMENT_TEAM = 6245M2ZZ7W;
				GENERATE_INFOPLIST_FILE = YES;
				IPHONEOS_DEPLOYMENT_TARGET = 17.2;
				MARKETING_VERSION = 1.0;
				PRODUCT_BUNDLE_IDENTIFIER = mxplayer.in.ARKitDeamoTests;
				PRODUCT_NAME = "$(TARGET_NAME)";
				SWIFT_EMIT_LOC_STRINGS = NO;
				SWIFT_VERSION = 5.0;
				TARGETED_DEVICE_FAMILY = "1,2";
				TEST_HOST = "$(BUILT_PRODUCTS_DIR)/ARKitDeamo.app/$(BUNDLE_EXECUTABLE_FOLDER_PATH)/ARKitDeamo";
			};
			name = Release;
		};
		3E2AB0A72B4D6C6600B7E741 /* Debug */ = {
			isa = XCBuildConfiguration;
			buildSettings = {
				ALWAYS_EMBED_SWIFT_STANDARD_LIBRARIES = YES;
				CODE_SIGN_STYLE = Automatic;
				CURRENT_PROJECT_VERSION = 1;
				DEVELOPMENT_TEAM = 6245M2ZZ7W;
				GENERATE_INFOPLIST_FILE = YES;
				MARKETING_VERSION = 1.0;
				PRODUCT_BUNDLE_IDENTIFIER = mxplayer.in.ARKitDeamoUITests;
				PRODUCT_NAME = "$(TARGET_NAME)";
				SWIFT_EMIT_LOC_STRINGS = NO;
				SWIFT_VERSION = 5.0;
				TARGETED_DEVICE_FAMILY = "1,2";
				TEST_TARGET_NAME = ARKitDeamo;
			};
			name = Debug;
		};
		3E2AB0A82B4D6C6600B7E741 /* Release */ = {
			isa = XCBuildConfiguration;
			buildSettings = {
				ALWAYS_EMBED_SWIFT_STANDARD_LIBRARIES = YES;
				CODE_SIGN_STYLE = Automatic;
				CURRENT_PROJECT_VERSION = 1;
				DEVELOPMENT_TEAM = 6245M2ZZ7W;
				GENERATE_INFOPLIST_FILE = YES;
				MARKETING_VERSION = 1.0;
				PRODUCT_BUNDLE_IDENTIFIER = mxplayer.in.ARKitDeamoUITests;
				PRODUCT_NAME = "$(TARGET_NAME)";
				SWIFT_EMIT_LOC_STRINGS = NO;
				SWIFT_VERSION = 5.0;
				TARGETED_DEVICE_FAMILY = "1,2";
				TEST_TARGET_NAME = ARKitDeamo;
			};
			name = Release;
		};
/* End XCBuildConfiguration section */

/* Begin XCConfigurationList section */
		3E2AB0772B4D6C6300B7E741 /* Build configuration list for PBXProject "ARKitDeamo" */ = {
			isa = XCConfigurationList;
			buildConfigurations = (
				3E2AB09E2B4D6C6600B7E741 /* Debug */,
				3E2AB09F2B4D6C6600B7E741 /* Release */,
			);
			defaultConfigurationIsVisible = 0;
			defaultConfigurationName = Release;
		};
		3E2AB0A02B4D6C6600B7E741 /* Build configuration list for PBXNativeTarget "ARKitDeamo" */ = {
			isa = XCConfigurationList;
			buildConfigurations = (
				3E2AB0A12B4D6C6600B7E741 /* Debug */,
				3E2AB0A22B4D6C6600B7E741 /* Release */,
			);
			defaultConfigurationIsVisible = 0;
			defaultConfigurationName = Release;
		};
		3E2AB0A32B4D6C6600B7E741 /* Build configuration list for PBXNativeTarget "ARKitDeamoTests" */ = {
			isa = XCConfigurationList;
			buildConfigurations = (
				3E2AB0A42B4D6C6600B7E741 /* Debug */,
				3E2AB0A52B4D6C6600B7E741 /* Release */,
			);
			defaultConfigurationIsVisible = 0;
			defaultConfigurationName = Release;
		};
		3E2AB0A62B4D6C6600B7E741 /* Build configuration list for PBXNativeTarget "ARKitDeamoUITests" */ = {
			isa = XCConfigurationList;
			buildConfigurations = (
				3E2AB0A72B4D6C6600B7E741 /* Debug */,
				3E2AB0A82B4D6C6600B7E741 /* Release */,
			);
			defaultConfigurationIsVisible = 0;
			defaultConfigurationName = Release;
		};
/* End XCConfigurationList section */
	};
	rootObject = 3E2AB0742B4D6C6300B7E741 /* Project object */;
}
